
Microsoft Visual Studio Solution File, Format Version 12.00
# Visual Studio 15
VisualStudioVersion = 15.0.27004.2002
MinimumVisualStudioVersion = 10.0.40219.1
Project("{9A19103F-16F7-4668-BE54-9A1E7A4F7556}") = "BusinessLogic", "BusinessLogic\BusinessLogic.csproj", "{BF633BC9-DBCA-4BC5-93B1-B4E3D358BFAA}"
EndProject
Project("{9A19103F-16F7-4668-BE54-9A1E7A4F7556}") = "BusinessLogic.Interfaces", "BusinessLogic.Interfaces\BusinessLogic.Interfaces.csproj", "{636161D9-5129-477C-8333-68D19000922A}"
EndProject
Project("{FAE04EC0-301F-11D3-BF4B-00C04F79EFBC}") = "ConsolePL", "ConsolePL\ConsolePL.csproj", "{63C63882-1958-4B3B-9EC7-1FA8FF6D568C}"
EndProject
Project("{FAE04EC0-301F-11D3-BF4B-00C04F79EFBC}") = "BusinessLogic.Test", "BusinessLogic.Test\BusinessLogic.Test.csproj", "{129B58F5-CF35-49D6-9EB6-953AFB9D8E4A}"
EndProject
Project("{9A19103F-16F7-4668-BE54-9A1E7A4F7556}") = "DataAccessLayer", "DataAccessLayer\DataAccessLayer.csproj", "{FFC84289-880F-46B2-9DF1-08A103FF40ED}"
EndProject
Project("{9A19103F-16F7-4668-BE54-9A1E7A4F7556}") = "DataAccessLayer.Interfaces", "DataAccessLayer.Interfaces\DataAccessLayer.Interfaces.csproj", "{96EF0F6D-55E8-4E4F-9626-EE3159402621}"
EndProject
Global
	GlobalSection(SolutionConfigurationPlatforms) = preSolution
		Debug|Any CPU = Debug|Any CPU
		Release|Any CPU = Release|Any CPU
	EndGlobalSection
	GlobalSection(ProjectConfigurationPlatforms) = postSolution
		{BF633BC9-DBCA-4BC5-93B1-B4E3D358BFAA}.Debug|Any CPU.ActiveCfg = Debug|Any CPU
		{BF633BC9-DBCA-4BC5-93B1-B4E3D358BFAA}.Debug|Any CPU.Build.0 = Debug|Any CPU
		{BF633BC9-DBCA-4BC5-93B1-B4E3D358BFAA}.Release|Any CPU.ActiveCfg = Release|Any CPU
		{BF633BC9-DBCA-4BC5-93B1-B4E3D358BFAA}.Release|Any CPU.Build.0 = Release|Any CPU
		{636161D9-5129-477C-8333-68D19000922A}.Debug|Any CPU.ActiveCfg = Debug|Any CPU
		{636161D9-5129-477C-8333-68D19000922A}.Debug|Any CPU.Build.0 = Debug|Any CPU
		{636161D9-5129-477C-8333-68D19000922A}.Release|Any CPU.ActiveCfg = Release|Any CPU
		{636161D9-5129-477C-8333-68D19000922A}.Release|Any CPU.Build.0 = Release|Any CPU
		{63C63882-1958-4B3B-9EC7-1FA8FF6D568C}.Debug|Any CPU.ActiveCfg = Debug|Any CPU
		{63C63882-1958-4B3B-9EC7-1FA8FF6D568C}.Debug|Any CPU.Build.0 = Debug|Any CPU
		{63C63882-1958-4B3B-9EC7-1FA8FF6D568C}.Release|Any CPU.ActiveCfg = Release|Any CPU
		{63C63882-1958-4B3B-9EC7-1FA8FF6D568C}.Release|Any CPU.Build.0 = Release|Any CPU
		{129B58F5-CF35-49D6-9EB6-953AFB9D8E4A}.Debug|Any CPU.ActiveCfg = Debug|Any CPU
		{129B58F5-CF35-49D6-9EB6-953AFB9D8E4A}.Debug|Any CPU.Build.0 = Debug|Any CPU
		{129B58F5-CF35-49D6-9EB6-953AFB9D8E4A}.Release|Any CPU.ActiveCfg = Release|Any CPU
		{129B58F5-CF35-49D6-9EB6-953AFB9D8E4A}.Release|Any CPU.Build.0 = Release|Any CPU
		{FFC84289-880F-46B2-9DF1-08A103FF40ED}.Debug|Any CPU.ActiveCfg = Debug|Any CPU
		{FFC84289-880F-46B2-9DF1-08A103FF40ED}.Debug|Any CPU.Build.0 = Debug|Any CPU
		{FFC84289-880F-46B2-9DF1-08A103FF40ED}.Release|Any CPU.ActiveCfg = Release|Any CPU
		{FFC84289-880F-46B2-9DF1-08A103FF40ED}.Release|Any CPU.Build.0 = Release|Any CPU
		{96EF0F6D-55E8-4E4F-9626-EE3159402621}.Debug|Any CPU.ActiveCfg = Debug|Any CPU
		{96EF0F6D-55E8-4E4F-9626-EE3159402621}.Debug|Any CPU.Build.0 = Debug|Any CPU
		{96EF0F6D-55E8-4E4F-9626-EE3159402621}.Release|Any CPU.ActiveCfg = Release|Any CPU
		{96EF0F6D-55E8-4E4F-9626-EE3159402621}.Release|Any CPU.Build.0 = Release|Any CPU
	EndGlobalSection
	GlobalSection(SolutionProperties) = preSolution
		HideSolutionNode = FALSE
	EndGlobalSection
	GlobalSection(ExtensibilityGlobals) = postSolution
		SolutionGuid = {185845C0-F240-4B91-9310-DACA095B30F4}
	EndGlobalSection
EndGlobal
